
Microsoft Visual Studio Solution File, Format Version 12.00
# Visual Studio 15
Project("{FAE04EC0-301F-11D3-BF4B-00C04F79EFBC}") = "Assembly-CSharp", "Assembly-CSharp.csproj", "{2E066EBF-6B82-F26E-2006-DB8FD012B9B0}"
EndProject
Global
	GlobalSection(SolutionConfigurationPlatforms) = preSolution
		Debug|Any CPU = Debug|Any CPU
		Release|Any CPU = Release|Any CPU
	EndGlobalSection
	GlobalSection(ProjectConfigurationPlatforms) = postSolution
		{2E066EBF-6B82-F26E-2006-DB8FD012B9B0}.Debug|Any CPU.ActiveCfg = Debug|Any CPU
		{2E066EBF-6B82-F26E-2006-DB8FD012B9B0}.Debug|Any CPU.Build.0 = Debug|Any CPU
		{2E066EBF-6B82-F26E-2006-DB8FD012B9B0}.Release|Any CPU.ActiveCfg = Release|Any CPU
		{2E066EBF-6B82-F26E-2006-DB8FD012B9B0}.Release|Any CPU.Build.0 = Release|Any CPU
	EndGlobalSection
	GlobalSection(SolutionProperties) = preSolution
		HideSolutionNode = FALSE
	EndGlobalSection
EndGlobal
